
Microsoft Visual Studio Solution File, Format Version 12.00
# Visual Studio Version 17
VisualStudioVersion = 17.13.35828.75
MinimumVisualStudioVersion = 10.0.40219.1
Project("{FAE04EC0-301F-11D3-BF4B-00C04F79EFBC}") = "AcademicWorkManagerService.Presentation", "AcademicWorkManagerServicePresentation\AcademicWorkManagerService.Presentation.csproj", "{DDBB91A6-23F6-4903-A86D-4248D1EC586F}"
EndProject
Project("{FAE04EC0-301F-11D3-BF4B-00C04F79EFBC}") = "AcademicWorkManagerService.Application", "AcademicWorkManagerService.Application\AcademicWorkManagerService.Application.csproj", "{B3C0F382-703C-4906-8D66-C96A5E187F62}"
EndProject
Project("{FAE04EC0-301F-11D3-BF4B-00C04F79EFBC}") = "AcademicWorkManagerService.Infrastructure", "AcademicWorkManagerService.Infrastructure\AcademicWorkManagerService.Infrastructure.csproj", "{6841D9EE-BC77-4FAD-8C65-B418FC44D6FB}"
EndProject
Project("{FAE04EC0-301F-11D3-BF4B-00C04F79EFBC}") = "AcademicWorkManagerService.Domain", "AcademicWorkManagerService.Domain\AcademicWorkManagerService.Domain.csproj", "{F0DF9B2A-FB30-49AE-ABE4-DAF307B70644}"
EndProject
Global
	GlobalSection(SolutionConfigurationPlatforms) = preSolution
		Debug|Any CPU = Debug|Any CPU
		Release|Any CPU = Release|Any CPU
	EndGlobalSection
	GlobalSection(ProjectConfigurationPlatforms) = postSolution
		{DDBB91A6-23F6-4903-A86D-4248D1EC586F}.Debug|Any CPU.ActiveCfg = Debug|Any CPU
		{DDBB91A6-23F6-4903-A86D-4248D1EC586F}.Debug|Any CPU.Build.0 = Debug|Any CPU
		{DDBB91A6-23F6-4903-A86D-4248D1EC586F}.Release|Any CPU.ActiveCfg = Release|Any CPU
		{DDBB91A6-23F6-4903-A86D-4248D1EC586F}.Release|Any CPU.Build.0 = Release|Any CPU
		{B3C0F382-703C-4906-8D66-C96A5E187F62}.Debug|Any CPU.ActiveCfg = Debug|Any CPU
		{B3C0F382-703C-4906-8D66-C96A5E187F62}.Debug|Any CPU.Build.0 = Debug|Any CPU
		{B3C0F382-703C-4906-8D66-C96A5E187F62}.Release|Any CPU.ActiveCfg = Release|Any CPU
		{B3C0F382-703C-4906-8D66-C96A5E187F62}.Release|Any CPU.Build.0 = Release|Any CPU
		{6841D9EE-BC77-4FAD-8C65-B418FC44D6FB}.Debug|Any CPU.ActiveCfg = Debug|Any CPU
		{6841D9EE-BC77-4FAD-8C65-B418FC44D6FB}.Debug|Any CPU.Build.0 = Debug|Any CPU
		{6841D9EE-BC77-4FAD-8C65-B418FC44D6FB}.Release|Any CPU.ActiveCfg = Release|Any CPU
		{6841D9EE-BC77-4FAD-8C65-B418FC44D6FB}.Release|Any CPU.Build.0 = Release|Any CPU
		{F0DF9B2A-FB30-49AE-ABE4-DAF307B70644}.Debug|Any CPU.ActiveCfg = Debug|Any CPU
		{F0DF9B2A-FB30-49AE-ABE4-DAF307B70644}.Debug|Any CPU.Build.0 = Debug|Any CPU
		{F0DF9B2A-FB30-49AE-ABE4-DAF307B70644}.Release|Any CPU.ActiveCfg = Release|Any CPU
		{F0DF9B2A-FB30-49AE-ABE4-DAF307B70644}.Release|Any CPU.Build.0 = Release|Any CPU
	EndGlobalSection
	GlobalSection(SolutionProperties) = preSolution
		HideSolutionNode = FALSE
	EndGlobalSection
	GlobalSection(ExtensibilityGlobals) = postSolution
		SolutionGuid = {9EE6B6DB-EEE9-437F-9C5A-CEF213E8E50B}
	EndGlobalSection
EndGlobal
